
Microsoft Visual Studio Solution File, Format Version 12.00
# Visual Studio Version 17
VisualStudioVersion = 17.11.35222.181
MinimumVisualStudioVersion = 10.0.40219.1
Project("{FAE04EC0-301F-11D3-BF4B-00C04F79EFBC}") = "RazorPages.CRUD", "RazorPages.CRUD\RazorPages.CRUD.csproj", "{8E1FCA2E-C3FA-4383-9047-503887DCC051}"
EndProject
Global
	GlobalSection(SolutionConfigurationPlatforms) = preSolution
		Debug|Any CPU = Debug|Any CPU
		Release|Any CPU = Release|Any CPU
	EndGlobalSection
	GlobalSection(ProjectConfigurationPlatforms) = postSolution
		{8E1FCA2E-C3FA-4383-9047-503887DCC051}.Debug|Any CPU.ActiveCfg = Debug|Any CPU
		{8E1FCA2E-C3FA-4383-9047-503887DCC051}.Debug|Any CPU.Build.0 = Debug|Any CPU
		{8E1FCA2E-C3FA-4383-9047-503887DCC051}.Release|Any CPU.ActiveCfg = Release|Any CPU
		{8E1FCA2E-C3FA-4383-9047-503887DCC051}.Release|Any CPU.Build.0 = Release|Any CPU
	EndGlobalSection
	GlobalSection(SolutionProperties) = preSolution
		HideSolutionNode = FALSE
	EndGlobalSection
	GlobalSection(ExtensibilityGlobals) = postSolution
		SolutionGuid = {D1E4007B-BD6D-464B-9572-2D409C12A7D6}
	EndGlobalSection
EndGlobal
